
Microsoft Visual Studio Solution File, Format Version 12.00
# Visual Studio Version 17
VisualStudioVersion = 17.3.32811.315
MinimumVisualStudioVersion = 10.0.40219.1
Project("{FAE04EC0-301F-11D3-BF4B-00C04F79EFBC}") = "Pharmacy", "Pharmacy\Pharmacy.csproj", "{A43686BC-390B-4D80-889A-CC8E9FCF2EFC}"
EndProject
Global
	GlobalSection(SolutionConfigurationPlatforms) = preSolution
		Debug|Any CPU = Debug|Any CPU
		Release|Any CPU = Release|Any CPU
	EndGlobalSection
	GlobalSection(ProjectConfigurationPlatforms) = postSolution
		{A43686BC-390B-4D80-889A-CC8E9FCF2EFC}.Debug|Any CPU.ActiveCfg = Debug|Any CPU
		{A43686BC-390B-4D80-889A-CC8E9FCF2EFC}.Debug|Any CPU.Build.0 = Debug|Any CPU
		{A43686BC-390B-4D80-889A-CC8E9FCF2EFC}.Release|Any CPU.ActiveCfg = Release|Any CPU
		{A43686BC-390B-4D80-889A-CC8E9FCF2EFC}.Release|Any CPU.Build.0 = Release|Any CPU
	EndGlobalSection
	GlobalSection(SolutionProperties) = preSolution
		HideSolutionNode = FALSE
	EndGlobalSection
	GlobalSection(ExtensibilityGlobals) = postSolution
		SolutionGuid = {D27EE2F3-31C2-42AD-9961-7132DD87E969}
	EndGlobalSection
EndGlobal
